
Microsoft Visual Studio Solution File, Format Version 12.00
# Visual Studio Version 17
VisualStudioVersion = 17.11.35312.102
MinimumVisualStudioVersion = 10.0.40219.1
Project("{9A19103F-16F7-4668-BE54-9A1E7A4F7556}") = "ActivitySeeker.Domain", "ActivitySeeker.Domain\ActivitySeeker.Domain.csproj", "{F1E1247B-3422-4118-8E1E-DF7ED7778BB1}"
EndProject
Project("{9A19103F-16F7-4668-BE54-9A1E7A4F7556}") = "ActivitySeeker.Api", "ActivitySeeker.Api\ActivitySeeker.Api.csproj", "{EA68C017-25CA-48D4-80C9-BE814CA7E62B}"
EndProject
Project("{9A19103F-16F7-4668-BE54-9A1E7A4F7556}") = "ActivitySeeker.Bll", "ActivitySeeker.Bll\ActivitySeeker.Bll.csproj", "{0FBFADCC-CD5C-4249-9EC2-4B00EC2F4310}"
EndProject
Project("{FAE04EC0-301F-11D3-BF4B-00C04F79EFBC}") = "ActivitySeeker.Infrastructure", "ActivitySeeker.Infrastructure\ActivitySeeker.Infrastructure.csproj", "{C13D430D-A2F8-4703-9766-8C6D4F898D4C}"
EndProject
Global
	GlobalSection(SolutionConfigurationPlatforms) = preSolution
		Debug|Any CPU = Debug|Any CPU
		Release|Any CPU = Release|Any CPU
	EndGlobalSection
	GlobalSection(ProjectConfigurationPlatforms) = postSolution
		{F1E1247B-3422-4118-8E1E-DF7ED7778BB1}.Debug|Any CPU.ActiveCfg = Debug|Any CPU
		{F1E1247B-3422-4118-8E1E-DF7ED7778BB1}.Debug|Any CPU.Build.0 = Debug|Any CPU
		{F1E1247B-3422-4118-8E1E-DF7ED7778BB1}.Release|Any CPU.ActiveCfg = Release|Any CPU
		{F1E1247B-3422-4118-8E1E-DF7ED7778BB1}.Release|Any CPU.Build.0 = Release|Any CPU
		{EA68C017-25CA-48D4-80C9-BE814CA7E62B}.Debug|Any CPU.ActiveCfg = Debug|Any CPU
		{EA68C017-25CA-48D4-80C9-BE814CA7E62B}.Debug|Any CPU.Build.0 = Debug|Any CPU
		{EA68C017-25CA-48D4-80C9-BE814CA7E62B}.Release|Any CPU.ActiveCfg = Release|Any CPU
		{EA68C017-25CA-48D4-80C9-BE814CA7E62B}.Release|Any CPU.Build.0 = Release|Any CPU
		{0FBFADCC-CD5C-4249-9EC2-4B00EC2F4310}.Debug|Any CPU.ActiveCfg = Debug|Any CPU
		{0FBFADCC-CD5C-4249-9EC2-4B00EC2F4310}.Debug|Any CPU.Build.0 = Debug|Any CPU
		{0FBFADCC-CD5C-4249-9EC2-4B00EC2F4310}.Release|Any CPU.ActiveCfg = Release|Any CPU
		{0FBFADCC-CD5C-4249-9EC2-4B00EC2F4310}.Release|Any CPU.Build.0 = Release|Any CPU
		{C13D430D-A2F8-4703-9766-8C6D4F898D4C}.Debug|Any CPU.ActiveCfg = Debug|Any CPU
		{C13D430D-A2F8-4703-9766-8C6D4F898D4C}.Debug|Any CPU.Build.0 = Debug|Any CPU
		{C13D430D-A2F8-4703-9766-8C6D4F898D4C}.Release|Any CPU.ActiveCfg = Release|Any CPU
		{C13D430D-A2F8-4703-9766-8C6D4F898D4C}.Release|Any CPU.Build.0 = Release|Any CPU
	EndGlobalSection
	GlobalSection(SolutionProperties) = preSolution
		HideSolutionNode = FALSE
	EndGlobalSection
	GlobalSection(ExtensibilityGlobals) = postSolution
		SolutionGuid = {18D8462B-56F7-40FA-8407-E47797BF62CD}
	EndGlobalSection
EndGlobal
